{
  "version": 4,
  "terraform_version": "1.0.7",
  "serial": 3,
  "lineage": "5327ecf9-e738-141c-bcdd-81af92ce557b",
  "outputs": {},
  "resources": [
    {
      "mode": "managed",
      "type": "digitalocean_droplet",
      "name": "web",
      "provider": "provider[\"registry.terraform.io/digitalocean/digitalocean\"]",
      "instances": []
    },
    {
      "mode": "managed",
      "type": "random_id",
      "name": "server",
      "provider": "provider[\"registry.terraform.io/hashicorp/random\"]",
      "instances": [
        {
          "schema_version": 0,
          "attributes": {
            "b64_std": "+7c/Nw==",
            "b64_url": "-7c_Nw",
            "byte_length": 4,
            "dec": "4223090487",
            "hex": "fbb73f37",
            "id": "-7c_Nw",
            "keepers": null,
            "prefix": null
          },
          "sensitive_attributes": [],
          "private": "bnVsbA=="
        }
      ]
    }
  ]
}
