{
  "version": 4,
  "terraform_version": "1.0.11",
  "serial": 29,
  "lineage": "1d4443e3-f115-2d53-9136-aa55fd65de4a",
  "outputs": {},
  "resources": [
    {
      "mode": "managed",
      "type": "digitalocean_droplet",
      "name": "web",
      "provider": "provider[\"registry.terraform.io/digitalocean/digitalocean\"]",
      "instances": [
        {
          "schema_version": 1,
          "attributes": {
            "backups": false,
            "created_at": "2021-12-04T17:45:16Z",
            "disk": 25,
            "id": "276496019",
            "image": "ubuntu-20-04-x64",
            "ipv4_address": "207.154.232.195",
            "ipv4_address_private": "10.114.0.2",
            "ipv6": false,
            "ipv6_address": "",
            "locked": false,
            "memory": 1024,
            "monitoring": false,
            "name": "server-a",
            "price_hourly": 0.00744,
            "price_monthly": 5,
            "private_networking": true,
            "region": "fra1",
            "resize_disk": true,
            "size": "s-1vcpu-1gb",
            "ssh_keys": [
              "7d:94:53:6c:bc:0c:35:40:0a:47:c6:5c:1c:87:63:2c"
            ],
            "status": "active",
            "tags": null,
            "urn": "do:droplet:276496019",
            "user_data": null,
            "vcpus": 1,
            "volume_ids": [],
            "vpc_uuid": "9a121236-be51-4039-9a67-1031b5c24cb9"
          },
          "sensitive_attributes": [],
          "private": "eyJzY2hlbWFfdmVyc2lvbiI6IjEifQ==",
          "dependencies": [
            "digitalocean_ssh_key.default"
          ]
        }
      ]
    },
    {
      "mode": "managed",
      "type": "digitalocean_ssh_key",
      "name": "default",
      "provider": "provider[\"registry.terraform.io/digitalocean/digitalocean\"]",
      "instances": [
        {
          "schema_version": 0,
          "attributes": {
            "fingerprint": "7d:94:53:6c:bc:0c:35:40:0a:47:c6:5c:1c:87:63:2c",
            "id": "32561335",
            "name": "Terraform Example",
            "public_key": "ssh-ed25519 AAAAC3NzaC1lZDI1NTE5AAAAIL44/bhpoSEowch7Ga5AhFDa2aeQqtPk5ZylUW+1kirV main\n"
          },
          "sensitive_attributes": [],
          "private": "bnVsbA=="
        }
      ]
    }
  ]
}
